
Microsoft Visual Studio Solution File, Format Version 12.00
Project("{FAE04EC0-301F-11D3-BF4B-00C04F79EFBC}") = "API", "API\API.csproj", "{57B88CC6-A17F-4928-AFFB-2980EE9A90BA}"
EndProject
Project("{FAE04EC0-301F-11D3-BF4B-00C04F79EFBC}") = "AppHost", "AppHost\AppHost.csproj", "{BC627F80-7F86-48BC-9B48-EB3CEC00C048}"
EndProject
Project("{FAE04EC0-301F-11D3-BF4B-00C04F79EFBC}") = "ServiceDefaults", "ServiceDefaults\ServiceDefaults.csproj", "{CCF07ECE-7386-49B5-8229-F93A562854CD}"
EndProject
Global
	GlobalSection(SolutionConfigurationPlatforms) = preSolution
		Debug|Any CPU = Debug|Any CPU
		Release|Any CPU = Release|Any CPU
	EndGlobalSection
	GlobalSection(ProjectConfigurationPlatforms) = postSolution
		{57B88CC6-A17F-4928-AFFB-2980EE9A90BA}.Debug|Any CPU.ActiveCfg = Debug|Any CPU
		{57B88CC6-A17F-4928-AFFB-2980EE9A90BA}.Debug|Any CPU.Build.0 = Debug|Any CPU
		{57B88CC6-A17F-4928-AFFB-2980EE9A90BA}.Release|Any CPU.ActiveCfg = Release|Any CPU
		{57B88CC6-A17F-4928-AFFB-2980EE9A90BA}.Release|Any CPU.Build.0 = Release|Any CPU
		{BC627F80-7F86-48BC-9B48-EB3CEC00C048}.Debug|Any CPU.ActiveCfg = Debug|Any CPU
		{BC627F80-7F86-48BC-9B48-EB3CEC00C048}.Debug|Any CPU.Build.0 = Debug|Any CPU
		{BC627F80-7F86-48BC-9B48-EB3CEC00C048}.Release|Any CPU.ActiveCfg = Release|Any CPU
		{BC627F80-7F86-48BC-9B48-EB3CEC00C048}.Release|Any CPU.Build.0 = Release|Any CPU
		{CCF07ECE-7386-49B5-8229-F93A562854CD}.Debug|Any CPU.ActiveCfg = Debug|Any CPU
		{CCF07ECE-7386-49B5-8229-F93A562854CD}.Debug|Any CPU.Build.0 = Debug|Any CPU
		{CCF07ECE-7386-49B5-8229-F93A562854CD}.Release|Any CPU.ActiveCfg = Release|Any CPU
		{CCF07ECE-7386-49B5-8229-F93A562854CD}.Release|Any CPU.Build.0 = Release|Any CPU
	EndGlobalSection
EndGlobal
